
Microsoft Visual Studio Solution File, Format Version 12.00
# Visual Studio 15
VisualStudioVersion = 15.0.27004.2005
MinimumVisualStudioVersion = 10.0.40219.1
Project("{FAE04EC0-301F-11D3-BF4B-00C04F79EFBC}") = "BitSoccerClient", "BitSoccerClient\BitSoccerClient.csproj", "{CBB722A2-1170-43F6-8D3A-5DB8D4F4EA70}"
EndProject
Project("{FAE04EC0-301F-11D3-BF4B-00C04F79EFBC}") = "TeamOne", "TeamOne\TeamOne.csproj", "{4C1F167E-7F9F-408B-890B-FB639063E872}"
EndProject
Project("{FAE04EC0-301F-11D3-BF4B-00C04F79EFBC}") = "TeamTwo", "TeamTwo\TeamTwo.csproj", "{6332BF10-7834-4178-BA5A-CC1950BBCA42}"
EndProject
Project("{FAE04EC0-301F-11D3-BF4B-00C04F79EFBC}") = "TeamRas", "TeamRas\TeamRas.csproj", "{6C05B317-41D2-404D-8467-A28655854CA7}"
EndProject
Global
	GlobalSection(SolutionConfigurationPlatforms) = preSolution
		Debug|Any CPU = Debug|Any CPU
		Debug|x86 = Debug|x86
		Release|Any CPU = Release|Any CPU
		Release|x86 = Release|x86
	EndGlobalSection
	GlobalSection(ProjectConfigurationPlatforms) = postSolution
		{CBB722A2-1170-43F6-8D3A-5DB8D4F4EA70}.Debug|Any CPU.ActiveCfg = Debug|x86
		{CBB722A2-1170-43F6-8D3A-5DB8D4F4EA70}.Debug|x86.ActiveCfg = Debug|x86
		{CBB722A2-1170-43F6-8D3A-5DB8D4F4EA70}.Debug|x86.Build.0 = Debug|x86
		{CBB722A2-1170-43F6-8D3A-5DB8D4F4EA70}.Release|Any CPU.ActiveCfg = Release|x86
		{CBB722A2-1170-43F6-8D3A-5DB8D4F4EA70}.Release|x86.ActiveCfg = Release|x86
		{CBB722A2-1170-43F6-8D3A-5DB8D4F4EA70}.Release|x86.Build.0 = Release|x86
		{4C1F167E-7F9F-408B-890B-FB639063E872}.Debug|Any CPU.ActiveCfg = Debug|Any CPU
		{4C1F167E-7F9F-408B-890B-FB639063E872}.Debug|Any CPU.Build.0 = Debug|Any CPU
		{4C1F167E-7F9F-408B-890B-FB639063E872}.Debug|x86.ActiveCfg = Debug|Any CPU
		{4C1F167E-7F9F-408B-890B-FB639063E872}.Debug|x86.Build.0 = Debug|Any CPU
		{4C1F167E-7F9F-408B-890B-FB639063E872}.Release|Any CPU.ActiveCfg = Release|Any CPU
		{4C1F167E-7F9F-408B-890B-FB639063E872}.Release|Any CPU.Build.0 = Release|Any CPU
		{4C1F167E-7F9F-408B-890B-FB639063E872}.Release|x86.ActiveCfg = Release|Any CPU
		{4C1F167E-7F9F-408B-890B-FB639063E872}.Release|x86.Build.0 = Release|Any CPU
		{6332BF10-7834-4178-BA5A-CC1950BBCA42}.Debug|Any CPU.ActiveCfg = Debug|Any CPU
		{6332BF10-7834-4178-BA5A-CC1950BBCA42}.Debug|Any CPU.Build.0 = Debug|Any CPU
		{6332BF10-7834-4178-BA5A-CC1950BBCA42}.Debug|x86.ActiveCfg = Debug|Any CPU
		{6332BF10-7834-4178-BA5A-CC1950BBCA42}.Debug|x86.Build.0 = Debug|Any CPU
		{6332BF10-7834-4178-BA5A-CC1950BBCA42}.Release|Any CPU.ActiveCfg = Release|Any CPU
		{6332BF10-7834-4178-BA5A-CC1950BBCA42}.Release|Any CPU.Build.0 = Release|Any CPU
		{6332BF10-7834-4178-BA5A-CC1950BBCA42}.Release|x86.ActiveCfg = Release|Any CPU
		{6332BF10-7834-4178-BA5A-CC1950BBCA42}.Release|x86.Build.0 = Release|Any CPU
		{6C05B317-41D2-404D-8467-A28655854CA7}.Debug|Any CPU.ActiveCfg = Debug|Any CPU
		{6C05B317-41D2-404D-8467-A28655854CA7}.Debug|Any CPU.Build.0 = Debug|Any CPU
		{6C05B317-41D2-404D-8467-A28655854CA7}.Debug|x86.ActiveCfg = Debug|Any CPU
		{6C05B317-41D2-404D-8467-A28655854CA7}.Debug|x86.Build.0 = Debug|Any CPU
		{6C05B317-41D2-404D-8467-A28655854CA7}.Release|Any CPU.ActiveCfg = Release|Any CPU
		{6C05B317-41D2-404D-8467-A28655854CA7}.Release|Any CPU.Build.0 = Release|Any CPU
		{6C05B317-41D2-404D-8467-A28655854CA7}.Release|x86.ActiveCfg = Release|Any CPU
		{6C05B317-41D2-404D-8467-A28655854CA7}.Release|x86.Build.0 = Release|Any CPU
	EndGlobalSection
	GlobalSection(SolutionProperties) = preSolution
		HideSolutionNode = FALSE
	EndGlobalSection
	GlobalSection(ExtensibilityGlobals) = postSolution
		SolutionGuid = {B09CC676-F0EB-466F-9981-56647D05C478}
	EndGlobalSection
EndGlobal
